
Microsoft Visual Studio Solution File, Format Version 12.00
# Visual Studio Version 16
VisualStudioVersion = 16.0.32126.315
MinimumVisualStudioVersion = 10.0.40219.1
Project("{FAE04EC0-301F-11D3-BF4B-00C04F79EFBC}") = "Inheritance Assignment", "Inheritance Assignment\Inheritance Assignment.csproj", "{B11420D9-B173-4B1D-8C56-06DB54D75D75}"
EndProject
Global
	GlobalSection(SolutionConfigurationPlatforms) = preSolution
		Debug|Any CPU = Debug|Any CPU
		Release|Any CPU = Release|Any CPU
	EndGlobalSection
	GlobalSection(ProjectConfigurationPlatforms) = postSolution
		{B11420D9-B173-4B1D-8C56-06DB54D75D75}.Debug|Any CPU.ActiveCfg = Debug|Any CPU
		{B11420D9-B173-4B1D-8C56-06DB54D75D75}.Debug|Any CPU.Build.0 = Debug|Any CPU
		{B11420D9-B173-4B1D-8C56-06DB54D75D75}.Release|Any CPU.ActiveCfg = Release|Any CPU
		{B11420D9-B173-4B1D-8C56-06DB54D75D75}.Release|Any CPU.Build.0 = Release|Any CPU
	EndGlobalSection
	GlobalSection(SolutionProperties) = preSolution
		HideSolutionNode = FALSE
	EndGlobalSection
	GlobalSection(ExtensibilityGlobals) = postSolution
		SolutionGuid = {A568CAB5-61B0-4ADE-84AD-E09161EC0098}
	EndGlobalSection
EndGlobal
